
Microsoft Visual Studio Solution File, Format Version 12.00
# Visual Studio Version 17
VisualStudioVersion = 17.5.002.0
MinimumVisualStudioVersion = 10.0.40219.1
Project("{9A19103F-16F7-4668-BE54-9A1E7A4F7556}") = "PokemonSurvivors", "PokemonSurvivors.csproj", "{64EC6964-A607-4F0D-AFDA-E95D502E5953}"
EndProject
Global
	GlobalSection(SolutionConfigurationPlatforms) = preSolution
		Debug|Any CPU = Debug|Any CPU
		Release|Any CPU = Release|Any CPU
	EndGlobalSection
	GlobalSection(ProjectConfigurationPlatforms) = postSolution
		{64EC6964-A607-4F0D-AFDA-E95D502E5953}.Debug|Any CPU.ActiveCfg = Debug|Any CPU
		{64EC6964-A607-4F0D-AFDA-E95D502E5953}.Debug|Any CPU.Build.0 = Debug|Any CPU
		{64EC6964-A607-4F0D-AFDA-E95D502E5953}.Release|Any CPU.ActiveCfg = Release|Any CPU
		{64EC6964-A607-4F0D-AFDA-E95D502E5953}.Release|Any CPU.Build.0 = Release|Any CPU
	EndGlobalSection
	GlobalSection(SolutionProperties) = preSolution
		HideSolutionNode = FALSE
	EndGlobalSection
	GlobalSection(ExtensibilityGlobals) = postSolution
		SolutionGuid = {D79D86AC-8A97-424E-8175-5EABA6E4FC11}
	EndGlobalSection
EndGlobal
